
Microsoft Visual Studio Solution File, Format Version 12.00
# Visual Studio Version 17
VisualStudioVersion = 17.5.33627.172
MinimumVisualStudioVersion = 10.0.40219.1
Project("{FAE04EC0-301F-11D3-BF4B-00C04F79EFBC}") = "CandidateApiProject", "CandidateApiProject\CandidateApiProject.csproj", "{D2CEB9BF-E678-4037-A1DF-DCBF8C0182EC}"
EndProject
Project("{FAE04EC0-301F-11D3-BF4B-00C04F79EFBC}") = "Entities", "Entities\Entities.csproj", "{CA23D733-D73A-49D7-92AA-2735204CF914}"
EndProject
Project("{FAE04EC0-301F-11D3-BF4B-00C04F79EFBC}") = "Core", "Core\Core.csproj", "{ABB3F87A-C784-491E-87F0-F16282AE163A}"
EndProject
Project("{FAE04EC0-301F-11D3-BF4B-00C04F79EFBC}") = "Business", "Business\Business.csproj", "{3CDD14F0-A142-4296-95CC-11D7F242A204}"
EndProject
Project("{FAE04EC0-301F-11D3-BF4B-00C04F79EFBC}") = "DataAccess", "DataAccess\DataAccess.csproj", "{095C0244-28F0-4C7C-8E48-FBC1B4C1C68E}"
EndProject
Global
	GlobalSection(SolutionConfigurationPlatforms) = preSolution
		Debug|Any CPU = Debug|Any CPU
		Release|Any CPU = Release|Any CPU
	EndGlobalSection
	GlobalSection(ProjectConfigurationPlatforms) = postSolution
		{D2CEB9BF-E678-4037-A1DF-DCBF8C0182EC}.Debug|Any CPU.ActiveCfg = Debug|Any CPU
		{D2CEB9BF-E678-4037-A1DF-DCBF8C0182EC}.Debug|Any CPU.Build.0 = Debug|Any CPU
		{D2CEB9BF-E678-4037-A1DF-DCBF8C0182EC}.Release|Any CPU.ActiveCfg = Release|Any CPU
		{D2CEB9BF-E678-4037-A1DF-DCBF8C0182EC}.Release|Any CPU.Build.0 = Release|Any CPU
		{CA23D733-D73A-49D7-92AA-2735204CF914}.Debug|Any CPU.ActiveCfg = Debug|Any CPU
		{CA23D733-D73A-49D7-92AA-2735204CF914}.Debug|Any CPU.Build.0 = Debug|Any CPU
		{CA23D733-D73A-49D7-92AA-2735204CF914}.Release|Any CPU.ActiveCfg = Release|Any CPU
		{CA23D733-D73A-49D7-92AA-2735204CF914}.Release|Any CPU.Build.0 = Release|Any CPU
		{ABB3F87A-C784-491E-87F0-F16282AE163A}.Debug|Any CPU.ActiveCfg = Debug|Any CPU
		{ABB3F87A-C784-491E-87F0-F16282AE163A}.Debug|Any CPU.Build.0 = Debug|Any CPU
		{ABB3F87A-C784-491E-87F0-F16282AE163A}.Release|Any CPU.ActiveCfg = Release|Any CPU
		{ABB3F87A-C784-491E-87F0-F16282AE163A}.Release|Any CPU.Build.0 = Release|Any CPU
		{3CDD14F0-A142-4296-95CC-11D7F242A204}.Debug|Any CPU.ActiveCfg = Debug|Any CPU
		{3CDD14F0-A142-4296-95CC-11D7F242A204}.Debug|Any CPU.Build.0 = Debug|Any CPU
		{3CDD14F0-A142-4296-95CC-11D7F242A204}.Release|Any CPU.ActiveCfg = Release|Any CPU
		{3CDD14F0-A142-4296-95CC-11D7F242A204}.Release|Any CPU.Build.0 = Release|Any CPU
		{095C0244-28F0-4C7C-8E48-FBC1B4C1C68E}.Debug|Any CPU.ActiveCfg = Debug|Any CPU
		{095C0244-28F0-4C7C-8E48-FBC1B4C1C68E}.Debug|Any CPU.Build.0 = Debug|Any CPU
		{095C0244-28F0-4C7C-8E48-FBC1B4C1C68E}.Release|Any CPU.ActiveCfg = Release|Any CPU
		{095C0244-28F0-4C7C-8E48-FBC1B4C1C68E}.Release|Any CPU.Build.0 = Release|Any CPU
	EndGlobalSection
	GlobalSection(SolutionProperties) = preSolution
		HideSolutionNode = FALSE
	EndGlobalSection
	GlobalSection(ExtensibilityGlobals) = postSolution
		SolutionGuid = {7309D7BF-461A-44D8-B40B-CDF8990E7CDD}
	EndGlobalSection
EndGlobal
